
Microsoft Visual Studio Solution File, Format Version 12.00
# Visual Studio Version 17
VisualStudioVersion = 17.0.32126.317
MinimumVisualStudioVersion = 10.0.40219.1
Project("{FAE04EC0-301F-11D3-BF4B-00C04F79EFBC}") = "CustomExceptionsExam", "CustomExceptionsExam\CustomExceptionsExam.csproj", "{1B418CE7-449B-486D-980E-B0CE1B34FCF6}"
EndProject
Project("{FAE04EC0-301F-11D3-BF4B-00C04F79EFBC}") = "CheckStringException", "CheckStringException\CheckStringException.csproj", "{3F5EA47D-1A2B-475B-A158-8B9C5FE3CBE2}"
EndProject
Global
	GlobalSection(SolutionConfigurationPlatforms) = preSolution
		Debug|Any CPU = Debug|Any CPU
		Release|Any CPU = Release|Any CPU
	EndGlobalSection
	GlobalSection(ProjectConfigurationPlatforms) = postSolution
		{1B418CE7-449B-486D-980E-B0CE1B34FCF6}.Debug|Any CPU.ActiveCfg = Debug|Any CPU
		{1B418CE7-449B-486D-980E-B0CE1B34FCF6}.Debug|Any CPU.Build.0 = Debug|Any CPU
		{1B418CE7-449B-486D-980E-B0CE1B34FCF6}.Release|Any CPU.ActiveCfg = Release|Any CPU
		{1B418CE7-449B-486D-980E-B0CE1B34FCF6}.Release|Any CPU.Build.0 = Release|Any CPU
		{3F5EA47D-1A2B-475B-A158-8B9C5FE3CBE2}.Debug|Any CPU.ActiveCfg = Debug|Any CPU
		{3F5EA47D-1A2B-475B-A158-8B9C5FE3CBE2}.Debug|Any CPU.Build.0 = Debug|Any CPU
		{3F5EA47D-1A2B-475B-A158-8B9C5FE3CBE2}.Release|Any CPU.ActiveCfg = Release|Any CPU
		{3F5EA47D-1A2B-475B-A158-8B9C5FE3CBE2}.Release|Any CPU.Build.0 = Release|Any CPU
	EndGlobalSection
	GlobalSection(SolutionProperties) = preSolution
		HideSolutionNode = FALSE
	EndGlobalSection
	GlobalSection(ExtensibilityGlobals) = postSolution
		SolutionGuid = {8A1C0C35-480D-4BC2-84F3-241AA21E2148}
	EndGlobalSection
EndGlobal
