
Microsoft Visual Studio Solution File, Format Version 12.00
# Visual Studio Version 17
VisualStudioVersion = 17.0.32126.317
MinimumVisualStudioVersion = 10.0.40219.1
Project("{FAE04EC0-301F-11D3-BF4B-00C04F79EFBC}") = "NamespaceCollectionExam", "NamespaceCollectionExam\NamespaceCollectionExam.csproj", "{9033F410-E08D-411A-B99D-A50A9EA5D5DD}"
EndProject
Global
	GlobalSection(SolutionConfigurationPlatforms) = preSolution
		Debug|Any CPU = Debug|Any CPU
		Release|Any CPU = Release|Any CPU
	EndGlobalSection
	GlobalSection(ProjectConfigurationPlatforms) = postSolution
		{9033F410-E08D-411A-B99D-A50A9EA5D5DD}.Debug|Any CPU.ActiveCfg = Debug|Any CPU
		{9033F410-E08D-411A-B99D-A50A9EA5D5DD}.Debug|Any CPU.Build.0 = Debug|Any CPU
		{9033F410-E08D-411A-B99D-A50A9EA5D5DD}.Release|Any CPU.ActiveCfg = Release|Any CPU
		{9033F410-E08D-411A-B99D-A50A9EA5D5DD}.Release|Any CPU.Build.0 = Release|Any CPU
	EndGlobalSection
	GlobalSection(SolutionProperties) = preSolution
		HideSolutionNode = FALSE
	EndGlobalSection
	GlobalSection(ExtensibilityGlobals) = postSolution
		SolutionGuid = {571491BD-7B65-4F57-B847-D3DA30AED2BF}
	EndGlobalSection
EndGlobal
